
Microsoft Visual Studio Solution File, Format Version 12.00
# Visual Studio Version 16
VisualStudioVersion = 16.0.31410.357
MinimumVisualStudioVersion = 10.0.40219.1
Project("{FAE04EC0-301F-11D3-BF4B-00C04F79EFBC}") = "my-books", "my-books\my-books.csproj", "{89C61F97-D991-4B90-A62E-2ED3D46FD341}"
EndProject
Global
	GlobalSection(SolutionConfigurationPlatforms) = preSolution
		Debug|Any CPU = Debug|Any CPU
		Release|Any CPU = Release|Any CPU
	EndGlobalSection
	GlobalSection(ProjectConfigurationPlatforms) = postSolution
		{89C61F97-D991-4B90-A62E-2ED3D46FD341}.Debug|Any CPU.ActiveCfg = Debug|Any CPU
		{89C61F97-D991-4B90-A62E-2ED3D46FD341}.Debug|Any CPU.Build.0 = Debug|Any CPU
		{89C61F97-D991-4B90-A62E-2ED3D46FD341}.Release|Any CPU.ActiveCfg = Release|Any CPU
		{89C61F97-D991-4B90-A62E-2ED3D46FD341}.Release|Any CPU.Build.0 = Release|Any CPU
	EndGlobalSection
	GlobalSection(SolutionProperties) = preSolution
		HideSolutionNode = FALSE
	EndGlobalSection
	GlobalSection(ExtensibilityGlobals) = postSolution
		SolutionGuid = {0CCFA0D9-19BF-43DC-A2D7-9C54EA6AD6A1}
	EndGlobalSection
EndGlobal
